Microsoft Visual Studio Solution File, Format Version 11.00
# Visual Studio 2010
Project("{FAE04EC0-301F-11D3-BF4B-00C04F79EFBC}") = "AgDataGrid_DataAnnotations", "AgDataGrid_DataAnnotations\AgDataGrid_DataAnnotations.csproj", "{ED205C51-A5AD-4BFC-9E3F-731E869D0AAB}"
EndProject
Global
	GlobalSection(SolutionConfigurationPlatforms) = preSolution
		Debug|Any CPU = Debug|Any CPU
		Release|Any CPU = Release|Any CPU
	EndGlobalSection
	GlobalSection(ProjectConfigurationPlatforms) = postSolution
		{ED205C51-A5AD-4BFC-9E3F-731E869D0AAB}.Debug|Any CPU.ActiveCfg = Debug|Any CPU
		{ED205C51-A5AD-4BFC-9E3F-731E869D0AAB}.Debug|Any CPU.Build.0 = Debug|Any CPU
		{ED205C51-A5AD-4BFC-9E3F-731E869D0AAB}.Release|Any CPU.ActiveCfg = Release|Any CPU
		{ED205C51-A5AD-4BFC-9E3F-731E869D0AAB}.Release|Any CPU.Build.0 = Release|Any CPU
	EndGlobalSection
	GlobalSection(SolutionProperties) = preSolution
		HideSolutionNode = FALSE
	EndGlobalSection
EndGlobal
